{
  "name": "moddable-example",
  "version": "0.1.0",
  "lockfileVersion": 3,
  "requires": true,
  "packages": {
    "": {
      "name": "moddable-example",
      "version": "0.1.0",
      "devDependencies": {
        "@moddable/typings": "^8.3.0",
        "typescript": "^6.0.3"
      }
    },
    "node_modules/@moddable/typings": {
      "version": "8.3.0",
      "resolved": "https://registry.npmjs.org/@moddable/typings/-/typings-8.3.0.tgz",
      "integrity": "sha512-yewJ8UjTwGhpUDd69hyA8Q1SfQZHx0hTgNCWv5gSE+3b8HRHIY+CKgVCLoKddUBNfSBpUQvapVc3pQC+3fGH2Q==",
      "dev": true,
      "license": "ISC"
    },
    "node_modules/typescript": {
      "version": "6.0.3",
      "resolved": "https://registry.npmjs.org/typescript/-/typescript-6.0.3.tgz",
      "integrity": "sha512-y2TvuxSZPDyQakkFRPZHKFm+KKVqIisdg9/CZwm9ftvKXLP8NRWj38/ODjNbr43SsoXqNuAisEf1GdCxqWcdBw==",
      "dev": true,
      "license": "Apache-2.0",
      "bin": {
        "tsc": "bin/tsc",
        "tsserver": "bin/tsserver"
      },
      "engines": {
        "node": ">=14.17"
      }
    }
  }
}
